
Microsoft Visual Studio Solution File, Format Version 12.00
# Visual Studio Version 16
VisualStudioVersion = 16.0.30011.22
MinimumVisualStudioVersion = 10.0.40219.1
Project("{9A19103F-16F7-4668-BE54-9A1E7A4F7556}") = "GenericArrayCreator", "GenericArrayCreator\GenericArrayCreator.csproj", "{3D0E2745-2A7B-4E56-B02F-1D576C359121}"
EndProject
Project("{9A19103F-16F7-4668-BE54-9A1E7A4F7556}") = "GenericScale", "GenericScale\GenericScale.csproj", "{FCC71503-889C-4F41-A8AD-F179F6A4952F}"
EndProject
Project("{9A19103F-16F7-4668-BE54-9A1E7A4F7556}") = "BoxOfT", "BoxOfT\BoxOfT.csproj", "{6A6E3BC0-46EB-4189-BB90-3BE341B72BE6}"
EndProject
Global
	GlobalSection(SolutionConfigurationPlatforms) = preSolution
		Debug|Any CPU = Debug|Any CPU
		Release|Any CPU = Release|Any CPU
	EndGlobalSection
	GlobalSection(ProjectConfigurationPlatforms) = postSolution
		{3D0E2745-2A7B-4E56-B02F-1D576C359121}.Debug|Any CPU.ActiveCfg = Debug|Any CPU
		{3D0E2745-2A7B-4E56-B02F-1D576C359121}.Debug|Any CPU.Build.0 = Debug|Any CPU
		{3D0E2745-2A7B-4E56-B02F-1D576C359121}.Release|Any CPU.ActiveCfg = Release|Any CPU
		{3D0E2745-2A7B-4E56-B02F-1D576C359121}.Release|Any CPU.Build.0 = Release|Any CPU
		{FCC71503-889C-4F41-A8AD-F179F6A4952F}.Debug|Any CPU.ActiveCfg = Debug|Any CPU
		{FCC71503-889C-4F41-A8AD-F179F6A4952F}.Debug|Any CPU.Build.0 = Debug|Any CPU
		{FCC71503-889C-4F41-A8AD-F179F6A4952F}.Release|Any CPU.ActiveCfg = Release|Any CPU
		{FCC71503-889C-4F41-A8AD-F179F6A4952F}.Release|Any CPU.Build.0 = Release|Any CPU
		{6A6E3BC0-46EB-4189-BB90-3BE341B72BE6}.Debug|Any CPU.ActiveCfg = Debug|Any CPU
		{6A6E3BC0-46EB-4189-BB90-3BE341B72BE6}.Debug|Any CPU.Build.0 = Debug|Any CPU
		{6A6E3BC0-46EB-4189-BB90-3BE341B72BE6}.Release|Any CPU.ActiveCfg = Release|Any CPU
		{6A6E3BC0-46EB-4189-BB90-3BE341B72BE6}.Release|Any CPU.Build.0 = Release|Any CPU
	EndGlobalSection
	GlobalSection(SolutionProperties) = preSolution
		HideSolutionNode = FALSE
	EndGlobalSection
	GlobalSection(ExtensibilityGlobals) = postSolution
		SolutionGuid = {305F0231-1AE7-473A-8BE3-8C7C041CFE63}
	EndGlobalSection
EndGlobal
